// !$*UTF8*$!
{
	archiveVersion = 1;
	classes = {
	};
	objectVersion = 46;
	objects = {

/* Begin PBXBuildFile section */
		2CB40D4C195C7E1C0094066B /* AppDelegate.swift in Sources */ = {isa = PBXBuildFile; fileRef = 2CB40D4B195C7E1C0094066B /* AppDelegate.swift */; };
		2CB40D4E195C7E1C0094066B /* GameScene.sks in Resources */ = {isa = PBXBuildFile; fileRef = 2CB40D4D195C7E1C0094066B /* GameScene.sks */; };
		2CB40D50195C7E1C0094066B /* GameScene.swift in Sources */ = {isa = PBXBuildFile; fileRef = 2CB40D4F195C7E1C0094066B /* GameScene.swift */; };
		2CB40D52195C7E1C0094066B /* GameViewController.swift in Sources */ = {isa = PBXBuildFile; fileRef = 2CB40D51195C7E1C0094066B /* GameViewController.swift */; };
		2CB40D55195C7E1C0094066B /* Main.storyboard in Resources */ = {isa = PBXBuildFile; fileRef = 2CB40D53195C7E1C0094066B /* Main.storyboard */; };
		2CB40D57195C7E1C0094066B /* Images.xcassets in Resources */ = {isa = PBXBuildFile; fileRef = 2CB40D56195C7E1C0094066B /* Images.xcassets */; };
		2CB40D63195C7E1C0094066B /* CookieCrunchTests.swift in Sources */ = {isa = PBXBuildFile; fileRef = 2CB40D62195C7E1C0094066B /* CookieCrunchTests.swift */; };
/* End PBXBuildFile section */

/* Begin PBXContainerItemProxy section */
		2CB40D5D195C7E1C0094066B /* PBXContainerItemProxy */ = {
			isa = PBXContainerItemProxy;
			containerPortal = 2CB40D3E195C7E1C0094066B /* Project object */;
			proxyType = 1;
			remoteGlobalIDString = 2CB40D45195C7E1C0094066B;
			remoteInfo = CookieCrunch;
		};
/* End PBXContainerItemProxy section */

/* Begin PBXFileReference section */
		2CB40D46195C7E1C0094066B /* CookieCrunch.app */ = {isa = PBXFileReference; explicitFileType = wrapper.application; includeInIndex = 0; path = CookieCrunch.app; sourceTree = BUILT_PRODUCTS_DIR; };
		2CB40D4A195C7E1C0094066B /* Info.plist */ = {isa = PBXFileReference; lastKnownFileType = text.plist.xml; path = Info.plist; sourceTree = "<group>"; };
		2CB40D4B195C7E1C0094066B /* AppDelegate.swift */ = {isa = PBXFileReference; lastKnownFileType = sourcecode.swift; path = AppDelegate.swift; sourceTree = "<group>"; };
		2CB40D4D195C7E1C0094066B /* GameScene.sks */ = {isa = PBXFileReference; lastKnownFileType = file.sks; path = GameScene.sks; sourceTree = "<group>"; };
		2CB40D4F195C7E1C0094066B /* GameScene.swift */ = {isa = PBXFileReference; lastKnownFileType = sourcecode.swift; path = GameScene.swift; sourceTree = "<group>"; };
		2CB40D51195C7E1C0094066B /* GameViewController.swift */ = {isa = PBXFileReference; lastKnownFileType = sourcecode.swift; path = GameViewController.swift; sourceTree = "<group>"; };
		2CB40D54195C7E1C0094066B /* Base */ = {isa = PBXFileReference; lastKnownFileType = file.storyboard; name = Base; path = Base.lproj/Main.storyboard; sourceTree = "<group>"; };
		2CB40D56195C7E1C0094066B /* Images.xcassets */ = {isa = PBXFileReference; lastKnownFileType = folder.assetcatalog; path = Images.xcassets; sourceTree = "<group>"; };
		2CB40D5C195C7E1C0094066B /* CookieCrunchTests.xctest */ = {isa = PBXFileReference; explicitFileType = wrapper.cfbundle; includeInIndex = 0; path = CookieCrunchTests.xctest; sourceTree = BUILT_PRODUCTS_DIR; };
		2CB40D61195C7E1C0094066B /* Info.plist */ = {isa = PBXFileReference; lastKnownFileType = text.plist.xml; path = Info.plist; sourceTree = "<group>"; };
		2CB40D62195C7E1C0094066B /* CookieCrunchTests.swift */ = {isa = PBXFileReference; lastKnownFileType = sourcecode.swift; path = CookieCrunchTests.swift; sourceTree = "<group>"; };
/* End PBXFileReference section */

/* Begin PBXFrameworksBuildPhase section */
		2CB40D43195C7E1C0094066B /* Frameworks */ = {
			isa = PBXFrameworksBuildPhase;
			buildActionMask = 2147483647;
			files = (
			);
			runOnlyForDeploymentPostprocessing = 0;
		};
		2CB40D59195C7E1C0094066B /* Frameworks */ = {
			isa = PBXFrameworksBuildPhase;
			buildActionMask = 2147483647;
			files = (
			);
			runOnlyForDeploymentPostprocessing = 0;
		};
/* End PBXFrameworksBuildPhase section */

/* Begin PBXGroup section */
		2CB40D3D195C7E1C0094066B = {
			isa = PBXGroup;
			children = (
				2CB40D48195C7E1C0094066B /* CookieCrunch */,
				2CB40D5F195C7E1C0094066B /* CookieCrunchTests */,
				2CB40D47195C7E1C0094066B /* Products */,
			);
			sourceTree = "<group>";
		};
		2CB40D47195C7E1C0094066B /* Products */ = {
			isa = PBXGroup;
			children = (
				2CB40D46195C7E1C0094066B /* CookieCrunch.app */,
				2CB40D5C195C7E1C0094066B /* CookieCrunchTests.xctest */,
			);
			name = Products;
			sourceTree = "<group>";
		};
		2CB40D48195C7E1C0094066B /* CookieCrunch */ = {
			isa = PBXGroup;
			children = (
				2CB40D4B195C7E1C0094066B /* AppDelegate.swift */,
				2CB40D4D195C7E1C0094066B /* GameScene.sks */,
				2CB40D4F195C7E1C0094066B /* GameScene.swift */,
				2CB40D51195C7E1C0094066B /* GameViewController.swift */,
				2CB40D53195C7E1C0094066B /* Main.storyboard */,
				2CB40D56195C7E1C0094066B /* Images.xcassets */,
				2CB40D49195C7E1C0094066B /* Supporting Files */,
			);
			path = CookieCrunch;
			sourceTree = "<group>";
		};
		2CB40D49195C7E1C0094066B /* Supporting Files */ = {
			isa = PBXGroup;
			children = (
				2CB40D4A195C7E1C0094066B /* Info.plist */,
			);
			name = "Supporting Files";
			sourceTree = "<group>";
		};
		2CB40D5F195C7E1C0094066B /* CookieCrunchTests */ = {
			isa = PBXGroup;
			children = (
				2CB40D62195C7E1C0094066B /* CookieCrunchTests.swift */,
				2CB40D60195C7E1C0094066B /* Supporting Files */,
			);
			path = CookieCrunchTests;
			sourceTree = "<group>";
		};
		2CB40D60195C7E1C0094066B /* Supporting Files */ = {
			isa = PBXGroup;
			children = (
				2CB40D61195C7E1C0094066B /* Info.plist */,
			);
			name = "Supporting Files";
			sourceTree = "<group>";
		};
/* End PBXGroup section */

/* Begin PBXNativeTarget section */
		2CB40D45195C7E1C0094066B /* CookieCrunch */ = {
			isa = PBXNativeTarget;
			buildConfigurationList = 2CB40D66195C7E1C0094066B /* Build configuration list for PBXNativeTarget "CookieCrunch" */;
			buildPhases = (
				2CB40D42195C7E1C0094066B /* Sources */,
				2CB40D43195C7E1C0094066B /* Frameworks */,
				2CB40D44195C7E1C0094066B /* Resources */,
			);
			buildRules = (
			);
			dependencies = (
			);
			name = CookieCrunch;
			productName = CookieCrunch;
			productReference = 2CB40D46195C7E1C0094066B /* CookieCrunch.app */;
			productType = "com.apple.product-type.application";
		};
		2CB40D5B195C7E1C0094066B /* CookieCrunchTests */ = {
			isa = PBXNativeTarget;
			buildConfigurationList = 2CB40D69195C7E1C0094066B /* Build configuration list for PBXNativeTarget "CookieCrunchTests" */;
			buildPhases = (
				2CB40D58195C7E1C0094066B /* Sources */,
				2CB40D59195C7E1C0094066B /* Frameworks */,
				2CB40D5A195C7E1C0094066B /* Resources */,
			);
			buildRules = (
			);
			dependencies = (
				2CB40D5E195C7E1C0094066B /* PBXTargetDependency */,
			);
			name = CookieCrunchTests;
			productName = CookieCrunchTests;
			productReference = 2CB40D5C195C7E1C0094066B /* CookieCrunchTests.xctest */;
			productType = "com.apple.product-type.bundle.unit-test";
		};
/* End PBXNativeTarget section */

/* Begin PBXProject section */
		2CB40D3E195C7E1C0094066B /* Project object */ = {
			isa = PBXProject;
			attributes = {
				LastUpgradeCheck = 0600;
				ORGANIZATIONNAME = perry;
				TargetAttributes = {
					2CB40D45195C7E1C0094066B = {
						CreatedOnToolsVersion = 6.0;
					};
					2CB40D5B195C7E1C0094066B = {
						CreatedOnToolsVersion = 6.0;
						TestTargetID = 2CB40D45195C7E1C0094066B;
					};
				};
			};
			buildConfigurationList = 2CB40D41195C7E1C0094066B /* Build configuration list for PBXProject "CookieCrunch" */;
			compatibilityVersion = "Xcode 3.2";
			developmentRegion = English;
			hasScannedForEncodings = 0;
			knownRegions = (
				en,
				Base,
			);
			mainGroup = 2CB40D3D195C7E1C0094066B;
			productRefGroup = 2CB40D47195C7E1C0094066B /* Products */;
			projectDirPath = "";
			projectRoot = "";
			targets = (
				2CB40D45195C7E1C0094066B /* CookieCrunch */,
				2CB40D5B195C7E1C0094066B /* CookieCrunchTests */,
			);
		};
/* End PBXProject section */

/* Begin PBXResourcesBuildPhase section */
		2CB40D44195C7E1C0094066B /* Resources */ = {
			isa = PBXResourcesBuildPhase;
			buildActionMask = 2147483647;
			files = (
				2CB40D57195C7E1C0094066B /* Images.xcassets in Resources */,
				2CB40D4E195C7E1C0094066B /* GameScene.sks in Resources */,
				2CB40D55195C7E1C0094066B /* Main.storyboard in Resources */,
			);
			runOnlyForDeploymentPostprocessing = 0;
		};
		2CB40D5A195C7E1C0094066B /* Resources */ = {
			isa = PBXResourcesBuildPhase;
			buildActionMask = 2147483647;
			files = (
			);
			runOnlyForDeploymentPostprocessing = 0;
		};
/* End PBXResourcesBuildPhase section */

/* Begin PBXSourcesBuildPhase section */
		2CB40D42195C7E1C0094066B /* Sources */ = {
			isa = PBXSourcesBuildPhase;
			buildActionMask = 2147483647;
			files = (
				2CB40D50195C7E1C0094066B /* GameScene.swift in Sources */,
				2CB40D52195C7E1C0094066B /* GameViewController.swift in Sources */,
				2CB40D4C195C7E1C0094066B /* AppDelegate.swift in Sources */,
			);
			runOnlyForDeploymentPostprocessing = 0;
		};
		2CB40D58195C7E1C0094066B /* Sources */ = {
			isa = PBXSourcesBuildPhase;
			buildActionMask = 2147483647;
			files = (
				2CB40D63195C7E1C0094066B /* CookieCrunchTests.swift in Sources */,
			);
			runOnlyForDeploymentPostprocessing = 0;
		};
/* End PBXSourcesBuildPhase section */

/* Begin PBXTargetDependency section */
		2CB40D5E195C7E1C0094066B /* PBXTargetDependency */ = {
			isa = PBXTargetDependency;
			target = 2CB40D45195C7E1C0094066B /* CookieCrunch */;
			targetProxy = 2CB40D5D195C7E1C0094066B /* PBXContainerItemProxy */;
		};
/* End PBXTargetDependency section */

/* Begin PBXVariantGroup section */
		2CB40D53195C7E1C0094066B /* Main.storyboard */ = {
			isa = PBXVariantGroup;
			children = (
				2CB40D54195C7E1C0094066B /* Base */,
			);
			name = Main.storyboard;
			sourceTree = "<group>";
		};
/* End PBXVariantGroup section */

/* Begin XCBuildConfiguration section */
		2CB40D64195C7E1C0094066B /* Debug */ = {
			isa = XCBuildConfiguration;
			buildSettings = {
				ALWAYS_SEARCH_USER_PATHS = NO;
				CLANG_CXX_LANGUAGE_STANDARD = "gnu++0x";
				CLANG_CXX_LIBRARY = "libc++";
				CLANG_ENABLE_MODULES = YES;
				CLANG_ENABLE_OBJC_ARC = YES;
				CLANG_WARN_BOOL_CONVERSION = YES;
				CLANG_WARN_CONSTANT_CONVERSION = YES;
				CLANG_WARN_DIRECT_OBJC_ISA_USAGE = YES_ERROR;
				CLANG_WARN_EMPTY_BODY = YES;
				CLANG_WARN_ENUM_CONVERSION = YES;
				CLANG_WARN_INT_CONVERSION = YES;
				CLANG_WARN_OBJC_ROOT_CLASS = YES_ERROR;
				CLANG_WARN_UNREACHABLE_CODE = YES;
				CLANG_WARN__DUPLICATE_METHOD_MATCH = YES;
				"CODE_SIGN_IDENTITY[sdk=iphoneos*]" = "iPhone Developer";
				COPY_PHASE_STRIP = NO;
				ENABLE_STRICT_OBJC_MSGSEND = YES;
				GCC_C_LANGUAGE_STANDARD = gnu99;
				GCC_DYNAMIC_NO_PIC = NO;
				GCC_OPTIMIZATION_LEVEL = 0;
				GCC_PREPROCESSOR_DEFINITIONS = (
					"DEBUG=1",
					"$(inherited)",
				);
				GCC_SYMBOLS_PRIVATE_EXTERN = NO;
				GCC_WARN_64_TO_32_BIT_CONVERSION = YES;
				GCC_WARN_ABOUT_RETURN_TYPE = YES_ERROR;
				GCC_WARN_UNDECLARED_SELECTOR = YES;
				GCC_WARN_UNINITIALIZED_AUTOS = YES_AGGRESSIVE;
				GCC_WARN_UNUSED_FUNCTION = YES;
				GCC_WARN_UNUSED_VARIABLE = YES;
				IPHONEOS_DEPLOYMENT_TARGET = 8.0;
				METAL_ENABLE_DEBUG_INFO = YES;
				ONLY_ACTIVE_ARCH = YES;
				SDKROOT = iphoneos;
				SWIFT_OPTIMIZATION_LEVEL = "-Onone";
			};
			name = Debug;
		};
		2CB40D65195C7E1C0094066B /* Release */ = {
			isa = XCBuildConfiguration;
			buildSettings = {
				ALWAYS_SEARCH_USER_PATHS = NO;
				CLANG_CXX_LANGUAGE_STANDARD = "gnu++0x";
				CLANG_CXX_LIBRARY = "libc++";
				CLANG_ENABLE_MODULES = YES;
				CLANG_ENABLE_OBJC_ARC = YES;
				CLANG_WARN_BOOL_CONVERSION = YES;
				CLANG_WARN_CONSTANT_CONVERSION = YES;
				CLANG_WARN_DIRECT_OBJC_ISA_USAGE = YES_ERROR;
				CLANG_WARN_EMPTY_BODY = YES;
				CLANG_WARN_ENUM_CONVERSION = YES;
				CLANG_WARN_INT_CONVERSION = YES;
				CLANG_WARN_OBJC_ROOT_CLASS = YES_ERROR;
				CLANG_WARN_UNREACHABLE_CODE = YES;
				CLANG_WARN__DUPLICATE_METHOD_MATCH = YES;
				"CODE_SIGN_IDENTITY[sdk=iphoneos*]" = "iPhone Developer";
				COPY_PHASE_STRIP = YES;
				ENABLE_NS_ASSERTIONS = NO;
				ENABLE_STRICT_OBJC_MSGSEND = YES;
				GCC_C_LANGUAGE_STANDARD = gnu99;
				GCC_WARN_64_TO_32_BIT_CONVERSION = YES;
				GCC_WARN_ABOUT_RETURN_TYPE = YES_ERROR;
				GCC_WARN_UNDECLARED_SELECTOR = YES;
				GCC_WARN_UNINITIALIZED_AUTOS = YES_AGGRESSIVE;
				GCC_WARN_UNUSED_FUNCTION = YES;
				GCC_WARN_UNUSED_VARIABLE = YES;
				IPHONEOS_DEPLOYMENT_TARGET = 8.0;
				METAL_ENABLE_DEBUG_INFO = NO;
				SDKROOT = iphoneos;
				VALIDATE_PRODUCT = YES;
			};
			name = Release;
		};
		2CB40D67195C7E1C0094066B /* Debug */ = {
			isa = XCBuildConfiguration;
			buildSettings = {
				ASSETCATALOG_COMPILER_APPICON_NAME = AppIcon;
				ASSETCATALOG_COMPILER_LAUNCHIMAGE_NAME = LaunchImage;
				INFOPLIST_FILE = CookieCrunch/Info.plist;
				LD_RUNPATH_SEARCH_PATHS = "$(inherited) @executable_path/Frameworks";
				PRODUCT_NAME = "$(TARGET_NAME)";
			};
			name = Debug;
		};
		2CB40D68195C7E1C0094066B /* Release */ = {
			isa = XCBuildConfiguration;
			buildSettings = {
				ASSETCATALOG_COMPILER_APPICON_NAME = AppIcon;
				ASSETCATALOG_COMPILER_LAUNCHIMAGE_NAME = LaunchImage;
				INFOPLIST_FILE = CookieCrunch/Info.plist;
				LD_RUNPATH_SEARCH_PATHS = "$(inherited) @executable_path/Frameworks";
				PRODUCT_NAME = "$(TARGET_NAME)";
			};
			name = Release;
		};
		2CB40D6A195C7E1C0094066B /* Debug */ = {
			isa = XCBuildConfiguration;
			buildSettings = {
				BUNDLE_LOADER = "$(BUILT_PRODUCTS_DIR)/CookieCrunch.app/CookieCrunch";
				FRAMEWORK_SEARCH_PATHS = (
					"$(SDKROOT)/Developer/Library/Frameworks",
					"$(inherited)",
				);
				GCC_PREPROCESSOR_DEFINITIONS = (
					"DEBUG=1",
					"$(inherited)",
				);
				INFOPLIST_FILE = CookieCrunchTests/Info.plist;
				LD_RUNPATH_SEARCH_PATHS = "$(inherited) @executable_path/Frameworks @loader_path/Frameworks";
				METAL_ENABLE_DEBUG_INFO = YES;
				PRODUCT_NAME = "$(TARGET_NAME)";
				TEST_HOST = "$(BUNDLE_LOADER)";
			};
			name = Debug;
		};
		2CB40D6B195C7E1C0094066B /* Release */ = {
			isa = XCBuildConfiguration;
			buildSettings = {
				BUNDLE_LOADER = "$(BUILT_PRODUCTS_DIR)/CookieCrunch.app/CookieCrunch";
				FRAMEWORK_SEARCH_PATHS = (
					"$(SDKROOT)/Developer/Library/Frameworks",
					"$(inherited)",
				);
				INFOPLIST_FILE = CookieCrunchTests/Info.plist;
				LD_RUNPATH_SEARCH_PATHS = "$(inherited) @executable_path/Frameworks @loader_path/Frameworks";
				METAL_ENABLE_DEBUG_INFO = NO;
				PRODUCT_NAME = "$(TARGET_NAME)";
				TEST_HOST = "$(BUNDLE_LOADER)";
			};
			name = Release;
		};
/* End XCBuildConfiguration section */

/* Begin XCConfigurationList section */
		2CB40D41195C7E1C0094066B /* Build configuration list for PBXProject "CookieCrunch" */ = {
			isa = XCConfigurationList;
			buildConfigurations = (
				2CB40D64195C7E1C0094066B /* Debug */,
				2CB40D65195C7E1C0094066B /* Release */,
			);
			defaultConfigurationIsVisible = 0;
			defaultConfigurationName = Release;
		};
		2CB40D66195C7E1C0094066B /* Build configuration list for PBXNativeTarget "CookieCrunch" */ = {
			isa = XCConfigurationList;
			buildConfigurations = (
				2CB40D67195C7E1C0094066B /* Debug */,
				2CB40D68195C7E1C0094066B /* Release */,
			);
			defaultConfigurationIsVisible = 0;
		};
		2CB40D69195C7E1C0094066B /* Build configuration list for PBXNativeTarget "CookieCrunchTests" */ = {
			isa = XCConfigurationList;
			buildConfigurations = (
				2CB40D6A195C7E1C0094066B /* Debug */,
				2CB40D6B195C7E1C0094066B /* Release */,
			);
			defaultConfigurationIsVisible = 0;
		};
/* End XCConfigurationList section */
	};
	rootObject = 2CB40D3E195C7E1C0094066B /* Project object */;
}
